
Microsoft Visual Studio Solution File, Format Version 12.00
# Visual Studio Version 17
VisualStudioVersion = 17.8.34322.80
MinimumVisualStudioVersion = 10.0.40219.1
Project("{9A19103F-16F7-4668-BE54-9A1E7A4F7556}") = "BRIX.Mobile", "BRIX.Mobile\BRIX.Mobile.csproj", "{41C9787C-6C6F-4A7B-AB44-BBCF6B1BA2CE}"
EndProject
Project("{9A19103F-16F7-4668-BE54-9A1E7A4F7556}") = "BRIX.Library", "BRIX.Library\BRIX.Library.csproj", "{6B32C545-2A7C-4FFF-BCB7-CEBB25F11E5D}"
EndProject
Project("{9A19103F-16F7-4668-BE54-9A1E7A4F7556}") = "BRIX.Utility", "BRIX.Utility\BRIX.Utility.csproj", "{6EE92417-17FF-4A47-901D-AC34EFA6573D}"
EndProject
Project("{9A19103F-16F7-4668-BE54-9A1E7A4F7556}") = "BRIX.Lexica", "BRIX.Lexica\BRIX.Lexica.csproj", "{93F54607-C88F-4C34-921A-A14D4DE50CB8}"
EndProject
Project("{9A19103F-16F7-4668-BE54-9A1E7A4F7556}") = "BRIX.SourceGenerator", "BRIX.SourceGenerator\BRIX.SourceGenerator.csproj", "{C7DB9542-43FD-41FD-B296-400B4DBDCF54}"
EndProject
Project("{9A19103F-16F7-4668-BE54-9A1E7A4F7556}") = "BRIX.Sandbox", "BRIX.Sandbox\BRIX.Sandbox.csproj", "{7229C151-94FE-49DF-9D3B-3E0C7B72B5CA}"
EndProject
Project("{FAE04EC0-301F-11D3-BF4B-00C04F79EFBC}") = "BRIX.Web", "BRIX.Web\BRIX.Web\BRIX.Web.csproj", "{4C98FBF9-C42C-45D0-B866-73909494D4F8}"
EndProject
Project("{FAE04EC0-301F-11D3-BF4B-00C04F79EFBC}") = "BRIX.Web.Client", "BRIX.Web\BRIX.Web.Client\BRIX.Web.Client.csproj", "{6972AD92-2B63-4EB8-A9A3-FFFFD7F0F2FB}"
EndProject
Global
	GlobalSection(SolutionConfigurationPlatforms) = preSolution
		Debug|Any CPU = Debug|Any CPU
		Release|Any CPU = Release|Any CPU
	EndGlobalSection
	GlobalSection(ProjectConfigurationPlatforms) = postSolution
		{41C9787C-6C6F-4A7B-AB44-BBCF6B1BA2CE}.Debug|Any CPU.ActiveCfg = Debug|Any CPU
		{41C9787C-6C6F-4A7B-AB44-BBCF6B1BA2CE}.Debug|Any CPU.Build.0 = Debug|Any CPU
		{41C9787C-6C6F-4A7B-AB44-BBCF6B1BA2CE}.Debug|Any CPU.Deploy.0 = Debug|Any CPU
		{41C9787C-6C6F-4A7B-AB44-BBCF6B1BA2CE}.Release|Any CPU.ActiveCfg = Release|Any CPU
		{41C9787C-6C6F-4A7B-AB44-BBCF6B1BA2CE}.Release|Any CPU.Build.0 = Release|Any CPU
		{41C9787C-6C6F-4A7B-AB44-BBCF6B1BA2CE}.Release|Any CPU.Deploy.0 = Release|Any CPU
		{6B32C545-2A7C-4FFF-BCB7-CEBB25F11E5D}.Debug|Any CPU.ActiveCfg = Debug|Any CPU
		{6B32C545-2A7C-4FFF-BCB7-CEBB25F11E5D}.Debug|Any CPU.Build.0 = Debug|Any CPU
		{6B32C545-2A7C-4FFF-BCB7-CEBB25F11E5D}.Release|Any CPU.ActiveCfg = Release|Any CPU
		{6B32C545-2A7C-4FFF-BCB7-CEBB25F11E5D}.Release|Any CPU.Build.0 = Release|Any CPU
		{6EE92417-17FF-4A47-901D-AC34EFA6573D}.Debug|Any CPU.ActiveCfg = Debug|Any CPU
		{6EE92417-17FF-4A47-901D-AC34EFA6573D}.Debug|Any CPU.Build.0 = Debug|Any CPU
		{6EE92417-17FF-4A47-901D-AC34EFA6573D}.Release|Any CPU.ActiveCfg = Release|Any CPU
		{6EE92417-17FF-4A47-901D-AC34EFA6573D}.Release|Any CPU.Build.0 = Release|Any CPU
		{93F54607-C88F-4C34-921A-A14D4DE50CB8}.Debug|Any CPU.ActiveCfg = Debug|Any CPU
		{93F54607-C88F-4C34-921A-A14D4DE50CB8}.Debug|Any CPU.Build.0 = Debug|Any CPU
		{93F54607-C88F-4C34-921A-A14D4DE50CB8}.Release|Any CPU.ActiveCfg = Release|Any CPU
		{93F54607-C88F-4C34-921A-A14D4DE50CB8}.Release|Any CPU.Build.0 = Release|Any CPU
		{C7DB9542-43FD-41FD-B296-400B4DBDCF54}.Debug|Any CPU.ActiveCfg = Debug|Any CPU
		{C7DB9542-43FD-41FD-B296-400B4DBDCF54}.Debug|Any CPU.Build.0 = Debug|Any CPU
		{C7DB9542-43FD-41FD-B296-400B4DBDCF54}.Release|Any CPU.ActiveCfg = Release|Any CPU
		{C7DB9542-43FD-41FD-B296-400B4DBDCF54}.Release|Any CPU.Build.0 = Release|Any CPU
		{7229C151-94FE-49DF-9D3B-3E0C7B72B5CA}.Debug|Any CPU.ActiveCfg = Debug|Any CPU
		{7229C151-94FE-49DF-9D3B-3E0C7B72B5CA}.Debug|Any CPU.Build.0 = Debug|Any CPU
		{7229C151-94FE-49DF-9D3B-3E0C7B72B5CA}.Release|Any CPU.ActiveCfg = Release|Any CPU
		{7229C151-94FE-49DF-9D3B-3E0C7B72B5CA}.Release|Any CPU.Build.0 = Release|Any CPU
		{4C98FBF9-C42C-45D0-B866-73909494D4F8}.Debug|Any CPU.ActiveCfg = Debug|Any CPU
		{4C98FBF9-C42C-45D0-B866-73909494D4F8}.Debug|Any CPU.Build.0 = Debug|Any CPU
		{4C98FBF9-C42C-45D0-B866-73909494D4F8}.Release|Any CPU.ActiveCfg = Release|Any CPU
		{4C98FBF9-C42C-45D0-B866-73909494D4F8}.Release|Any CPU.Build.0 = Release|Any CPU
		{6972AD92-2B63-4EB8-A9A3-FFFFD7F0F2FB}.Debug|Any CPU.ActiveCfg = Debug|Any CPU
		{6972AD92-2B63-4EB8-A9A3-FFFFD7F0F2FB}.Debug|Any CPU.Build.0 = Debug|Any CPU
		{6972AD92-2B63-4EB8-A9A3-FFFFD7F0F2FB}.Release|Any CPU.ActiveCfg = Release|Any CPU
		{6972AD92-2B63-4EB8-A9A3-FFFFD7F0F2FB}.Release|Any CPU.Build.0 = Release|Any CPU
	EndGlobalSection
	GlobalSection(SolutionProperties) = preSolution
		HideSolutionNode = FALSE
	EndGlobalSection
	GlobalSection(ExtensibilityGlobals) = postSolution
		SolutionGuid = {5C648C22-3F8B-46C6-8897-27D0071F762F}
	EndGlobalSection
EndGlobal
