
Microsoft Visual Studio Solution File, Format Version 12.00
# Visual Studio Version 17
VisualStudioVersion = 17.8.34322.80
MinimumVisualStudioVersion = 10.0.40219.1
Project("{9A19103F-16F7-4668-BE54-9A1E7A4F7556}") = "BRIX.Mobile", "BRIX.Mobile\BRIX.Mobile.csproj", "{41C9787C-6C6F-4A7B-AB44-BBCF6B1BA2CE}"
EndProject
Project("{9A19103F-16F7-4668-BE54-9A1E7A4F7556}") = "BRIX.Library", "BRIX.Library\BRIX.Library.csproj", "{6B32C545-2A7C-4FFF-BCB7-CEBB25F11E5D}"
EndProject
Project("{9A19103F-16F7-4668-BE54-9A1E7A4F7556}") = "BRIX.Utility", "BRIX.Utility\BRIX.Utility.csproj", "{6EE92417-17FF-4A47-901D-AC34EFA6573D}"
EndProject
Project("{9A19103F-16F7-4668-BE54-9A1E7A4F7556}") = "BRIX.Lexica", "BRIX.Lexica\BRIX.Lexica.csproj", "{93F54607-C88F-4C34-921A-A14D4DE50CB8}"
EndProject
Project("{9A19103F-16F7-4668-BE54-9A1E7A4F7556}") = "BRIX.SourceGenerator", "BRIX.SourceGenerator\BRIX.SourceGenerator.csproj", "{C7DB9542-43FD-41FD-B296-400B4DBDCF54}"
EndProject
Project("{9A19103F-16F7-4668-BE54-9A1E7A4F7556}") = "BRIX.Sandbox", "BRIX.Sandbox\BRIX.Sandbox.csproj", "{7229C151-94FE-49DF-9D3B-3E0C7B72B5CA}"
EndProject
Project("{2150E333-8FDC-42A3-9474-1A3956D46DE8}") = "Mobile", "Mobile", "{F33A6E5F-3DF8-4806-9377-E8EBFB86D45B}"
EndProject
Project("{9A19103F-16F7-4668-BE54-9A1E7A4F7556}") = "BRIX.GameService.Entities", "BRIX.Entities\BRIX.GameService.Entities.csproj", "{14F7180C-31D6-43DA-84AE-FDC2F841E851}"
EndProject
Project("{9A19103F-16F7-4668-BE54-9A1E7A4F7556}") = "BRIX.GameService", "BRIX.GameService\BRIX.GameService.csproj", "{26F04D36-2DCA-4601-B75F-9606070E796D}"
EndProject
Project("{9A19103F-16F7-4668-BE54-9A1E7A4F7556}") = "BRIX.GameService.Contracts", "BRIX.GameService.Contracts\BRIX.GameService.Contracts.csproj", "{B3BBFB19-90FD-4726-8502-243B0CC3679C}"
EndProject
Project("{2150E333-8FDC-42A3-9474-1A3956D46DE8}") = "Domain", "Domain", "{9B701970-E082-4913-872C-208CFB9BD32D}"
EndProject
Project("{2150E333-8FDC-42A3-9474-1A3956D46DE8}") = "Web", "Web", "{39D313F8-2840-4E60-A1D1-C1EBE6829340}"
EndProject
Project("{FAE04EC0-301F-11D3-BF4B-00C04F79EFBC}") = "BRIX.Web", "BRIX.Web\BRIX.Web\BRIX.Web.csproj", "{C8BD387E-2AFB-45B7-960A-528C0ACCE5CE}"
EndProject
Project("{FAE04EC0-301F-11D3-BF4B-00C04F79EFBC}") = "BRIX.Web.Client", "BRIX.Web\BRIX.Web.Client\BRIX.Web.Client.csproj", "{F5C36682-B047-4CA0-8F8D-145D8CBEA0E2}"
EndProject
Global
	GlobalSection(SolutionConfigurationPlatforms) = preSolution
		Debug|Any CPU = Debug|Any CPU
		Release|Any CPU = Release|Any CPU
	EndGlobalSection
	GlobalSection(ProjectConfigurationPlatforms) = postSolution
		{41C9787C-6C6F-4A7B-AB44-BBCF6B1BA2CE}.Debug|Any CPU.ActiveCfg = Debug|Any CPU
		{41C9787C-6C6F-4A7B-AB44-BBCF6B1BA2CE}.Debug|Any CPU.Build.0 = Debug|Any CPU
		{41C9787C-6C6F-4A7B-AB44-BBCF6B1BA2CE}.Debug|Any CPU.Deploy.0 = Debug|Any CPU
		{41C9787C-6C6F-4A7B-AB44-BBCF6B1BA2CE}.Release|Any CPU.ActiveCfg = Release|Any CPU
		{41C9787C-6C6F-4A7B-AB44-BBCF6B1BA2CE}.Release|Any CPU.Build.0 = Release|Any CPU
		{41C9787C-6C6F-4A7B-AB44-BBCF6B1BA2CE}.Release|Any CPU.Deploy.0 = Release|Any CPU
		{6B32C545-2A7C-4FFF-BCB7-CEBB25F11E5D}.Debug|Any CPU.ActiveCfg = Debug|Any CPU
		{6B32C545-2A7C-4FFF-BCB7-CEBB25F11E5D}.Debug|Any CPU.Build.0 = Debug|Any CPU
		{6B32C545-2A7C-4FFF-BCB7-CEBB25F11E5D}.Release|Any CPU.ActiveCfg = Release|Any CPU
		{6B32C545-2A7C-4FFF-BCB7-CEBB25F11E5D}.Release|Any CPU.Build.0 = Release|Any CPU
		{6EE92417-17FF-4A47-901D-AC34EFA6573D}.Debug|Any CPU.ActiveCfg = Debug|Any CPU
		{6EE92417-17FF-4A47-901D-AC34EFA6573D}.Debug|Any CPU.Build.0 = Debug|Any CPU
		{6EE92417-17FF-4A47-901D-AC34EFA6573D}.Release|Any CPU.ActiveCfg = Release|Any CPU
		{6EE92417-17FF-4A47-901D-AC34EFA6573D}.Release|Any CPU.Build.0 = Release|Any CPU
		{93F54607-C88F-4C34-921A-A14D4DE50CB8}.Debug|Any CPU.ActiveCfg = Debug|Any CPU
		{93F54607-C88F-4C34-921A-A14D4DE50CB8}.Debug|Any CPU.Build.0 = Debug|Any CPU
		{93F54607-C88F-4C34-921A-A14D4DE50CB8}.Release|Any CPU.ActiveCfg = Release|Any CPU
		{93F54607-C88F-4C34-921A-A14D4DE50CB8}.Release|Any CPU.Build.0 = Release|Any CPU
		{C7DB9542-43FD-41FD-B296-400B4DBDCF54}.Debug|Any CPU.ActiveCfg = Debug|Any CPU
		{C7DB9542-43FD-41FD-B296-400B4DBDCF54}.Debug|Any CPU.Build.0 = Debug|Any CPU
		{C7DB9542-43FD-41FD-B296-400B4DBDCF54}.Release|Any CPU.ActiveCfg = Release|Any CPU
		{C7DB9542-43FD-41FD-B296-400B4DBDCF54}.Release|Any CPU.Build.0 = Release|Any CPU
		{7229C151-94FE-49DF-9D3B-3E0C7B72B5CA}.Debug|Any CPU.ActiveCfg = Debug|Any CPU
		{7229C151-94FE-49DF-9D3B-3E0C7B72B5CA}.Debug|Any CPU.Build.0 = Debug|Any CPU
		{7229C151-94FE-49DF-9D3B-3E0C7B72B5CA}.Release|Any CPU.ActiveCfg = Release|Any CPU
		{7229C151-94FE-49DF-9D3B-3E0C7B72B5CA}.Release|Any CPU.Build.0 = Release|Any CPU
		{14F7180C-31D6-43DA-84AE-FDC2F841E851}.Debug|Any CPU.ActiveCfg = Debug|Any CPU
		{14F7180C-31D6-43DA-84AE-FDC2F841E851}.Debug|Any CPU.Build.0 = Debug|Any CPU
		{14F7180C-31D6-43DA-84AE-FDC2F841E851}.Release|Any CPU.ActiveCfg = Release|Any CPU
		{14F7180C-31D6-43DA-84AE-FDC2F841E851}.Release|Any CPU.Build.0 = Release|Any CPU
		{26F04D36-2DCA-4601-B75F-9606070E796D}.Debug|Any CPU.ActiveCfg = Debug|Any CPU
		{26F04D36-2DCA-4601-B75F-9606070E796D}.Debug|Any CPU.Build.0 = Debug|Any CPU
		{26F04D36-2DCA-4601-B75F-9606070E796D}.Release|Any CPU.ActiveCfg = Release|Any CPU
		{26F04D36-2DCA-4601-B75F-9606070E796D}.Release|Any CPU.Build.0 = Release|Any CPU
		{B3BBFB19-90FD-4726-8502-243B0CC3679C}.Debug|Any CPU.ActiveCfg = Debug|Any CPU
		{B3BBFB19-90FD-4726-8502-243B0CC3679C}.Debug|Any CPU.Build.0 = Debug|Any CPU
		{B3BBFB19-90FD-4726-8502-243B0CC3679C}.Release|Any CPU.ActiveCfg = Release|Any CPU
		{B3BBFB19-90FD-4726-8502-243B0CC3679C}.Release|Any CPU.Build.0 = Release|Any CPU
		{C8BD387E-2AFB-45B7-960A-528C0ACCE5CE}.Debug|Any CPU.ActiveCfg = Debug|Any CPU
		{C8BD387E-2AFB-45B7-960A-528C0ACCE5CE}.Debug|Any CPU.Build.0 = Debug|Any CPU
		{C8BD387E-2AFB-45B7-960A-528C0ACCE5CE}.Release|Any CPU.ActiveCfg = Release|Any CPU
		{C8BD387E-2AFB-45B7-960A-528C0ACCE5CE}.Release|Any CPU.Build.0 = Release|Any CPU
		{F5C36682-B047-4CA0-8F8D-145D8CBEA0E2}.Debug|Any CPU.ActiveCfg = Debug|Any CPU
		{F5C36682-B047-4CA0-8F8D-145D8CBEA0E2}.Debug|Any CPU.Build.0 = Debug|Any CPU
		{F5C36682-B047-4CA0-8F8D-145D8CBEA0E2}.Release|Any CPU.ActiveCfg = Release|Any CPU
		{F5C36682-B047-4CA0-8F8D-145D8CBEA0E2}.Release|Any CPU.Build.0 = Release|Any CPU
	EndGlobalSection
	GlobalSection(SolutionProperties) = preSolution
		HideSolutionNode = FALSE
	EndGlobalSection
	GlobalSection(NestedProjects) = preSolution
		{41C9787C-6C6F-4A7B-AB44-BBCF6B1BA2CE} = {F33A6E5F-3DF8-4806-9377-E8EBFB86D45B}
		{6B32C545-2A7C-4FFF-BCB7-CEBB25F11E5D} = {9B701970-E082-4913-872C-208CFB9BD32D}
		{6EE92417-17FF-4A47-901D-AC34EFA6573D} = {9B701970-E082-4913-872C-208CFB9BD32D}
		{93F54607-C88F-4C34-921A-A14D4DE50CB8} = {9B701970-E082-4913-872C-208CFB9BD32D}
		{C7DB9542-43FD-41FD-B296-400B4DBDCF54} = {F33A6E5F-3DF8-4806-9377-E8EBFB86D45B}
		{7229C151-94FE-49DF-9D3B-3E0C7B72B5CA} = {F33A6E5F-3DF8-4806-9377-E8EBFB86D45B}
		{14F7180C-31D6-43DA-84AE-FDC2F841E851} = {39D313F8-2840-4E60-A1D1-C1EBE6829340}
		{26F04D36-2DCA-4601-B75F-9606070E796D} = {39D313F8-2840-4E60-A1D1-C1EBE6829340}
		{B3BBFB19-90FD-4726-8502-243B0CC3679C} = {39D313F8-2840-4E60-A1D1-C1EBE6829340}
		{C8BD387E-2AFB-45B7-960A-528C0ACCE5CE} = {39D313F8-2840-4E60-A1D1-C1EBE6829340}
		{F5C36682-B047-4CA0-8F8D-145D8CBEA0E2} = {39D313F8-2840-4E60-A1D1-C1EBE6829340}
	EndGlobalSection
	GlobalSection(ExtensibilityGlobals) = postSolution
		SolutionGuid = {5C648C22-3F8B-46C6-8897-27D0071F762F}
	EndGlobalSection
EndGlobal
